// !$*UTF8*$!
{
	archiveVersion = 1;
	classes = {
	};
	objectVersion = 50;
	objects = {

/* Begin PBXBuildFile section */
		633A57E621F0623C00BE1F08 /* AppDelegate.swift in Sources */ = {isa = PBXBuildFile; fileRef = 633A57E521F0623C00BE1F08 /* AppDelegate.swift */; };
		633A57E821F0623C00BE1F08 /* ViewController.swift in Sources */ = {isa = PBXBuildFile; fileRef = 633A57E721F0623C00BE1F08 /* ViewController.swift */; };
		633A57EB21F0623C00BE1F08 /* Main.storyboard in Resources */ = {isa = PBXBuildFile; fileRef = 633A57E921F0623C00BE1F08 /* Main.storyboard */; };
		633A57ED21F0623D00BE1F08 /* Assets.xcassets in Resources */ = {isa = PBXBuildFile; fileRef = 633A57EC21F0623D00BE1F08 /* Assets.xcassets */; };
		633A57F021F0623D00BE1F08 /* LaunchScreen.storyboard in Resources */ = {isa = PBXBuildFile; fileRef = 633A57EE21F0623D00BE1F08 /* LaunchScreen.storyboard */; };
/* End PBXBuildFile section */

/* Begin PBXFileReference section */
		633A57E221F0623C00BE1F08 /* TC3052-MiPrimerApp.app */ = {isa = PBXFileReference; explicitFileType = wrapper.application; includeInIndex = 0; path = "TC3052-MiPrimerApp.app"; sourceTree = BUILT_PRODUCTS_DIR; };
		633A57E521F0623C00BE1F08 /* AppDelegate.swift */ = {isa = PBXFileReference; lastKnownFileType = sourcecode.swift; path = AppDelegate.swift; sourceTree = "<group>"; };
		633A57E721F0623C00BE1F08 /* ViewController.swift */ = {isa = PBXFileReference; lastKnownFileType = sourcecode.swift; path = ViewController.swift; sourceTree = "<group>"; };
		633A57EA21F0623C00BE1F08 /* Base */ = {isa = PBXFileReference; lastKnownFileType = file.storyboard; name = Base; path = Base.lproj/Main.storyboard; sourceTree = "<group>"; };
		633A57EC21F0623D00BE1F08 /* Assets.xcassets */ = {isa = PBXFileReference; lastKnownFileType = folder.assetcatalog; path = Assets.xcassets; sourceTree = "<group>"; };
		633A57EF21F0623D00BE1F08 /* Base */ = {isa = PBXFileReference; lastKnownFileType = file.storyboard; name = Base; path = Base.lproj/LaunchScreen.storyboard; sourceTree = "<group>"; };
		633A57F121F0623D00BE1F08 /* Info.plist */ = {isa = PBXFileReference; lastKnownFileType = text.plist.xml; path = Info.plist; sourceTree = "<group>"; };
/* End PBXFileReference section */

/* Begin PBXFrameworksBuildPhase section */
		633A57DF21F0623C00BE1F08 /* Frameworks */ = {
			isa = PBXFrameworksBuildPhase;
			buildActionMask = 2147483647;
			files = (
			);
			runOnlyForDeploymentPostprocessing = 0;
		};
/* End PBXFrameworksBuildPhase section */

/* Begin PBXGroup section */
		633A57D921F0623C00BE1F08 = {
			isa = PBXGroup;
			children = (
				633A57E421F0623C00BE1F08 /* TC3052-MiPrimerApp */,
				633A57E321F0623C00BE1F08 /* Products */,
			);
			sourceTree = "<group>";
		};
		633A57E321F0623C00BE1F08 /* Products */ = {
			isa = PBXGroup;
			children = (
				633A57E221F0623C00BE1F08 /* TC3052-MiPrimerApp.app */,
			);
			name = Products;
			sourceTree = "<group>";
		};
		633A57E421F0623C00BE1F08 /* TC3052-MiPrimerApp */ = {
			isa = PBXGroup;
			children = (
				633A57E521F0623C00BE1F08 /* AppDelegate.swift */,
				633A57E721F0623C00BE1F08 /* ViewController.swift */,
				633A57E921F0623C00BE1F08 /* Main.storyboard */,
				633A57EC21F0623D00BE1F08 /* Assets.xcassets */,
				633A57EE21F0623D00BE1F08 /* LaunchScreen.storyboard */,
				633A57F121F0623D00BE1F08 /* Info.plist */,
			);
			path = "TC3052-MiPrimerApp";
			sourceTree = "<group>";
		};
/* End PBXGroup section */

/* Begin PBXNativeTarget section */
		633A57E121F0623C00BE1F08 /* TC3052-MiPrimerApp */ = {
			isa = PBXNativeTarget;
			buildConfigurationList = 633A57F421F0623D00BE1F08 /* Build configuration list for PBXNativeTarget "TC3052-MiPrimerApp" */;
			buildPhases = (
				633A57DE21F0623C00BE1F08 /* Sources */,
				633A57DF21F0623C00BE1F08 /* Frameworks */,
				633A57E021F0623C00BE1F08 /* Resources */,
			);
			buildRules = (
			);
			dependencies = (
			);
			name = "TC3052-MiPrimerApp";
			productName = "TC3052-MiPrimerApp";
			productReference = 633A57E221F0623C00BE1F08 /* TC3052-MiPrimerApp.app */;
			productType = "com.apple.product-type.application";
		};
/* End PBXNativeTarget section */

/* Begin PBXProject section */
		633A57DA21F0623C00BE1F08 /* Project object */ = {
			isa = PBXProject;
			attributes = {
				LastSwiftUpdateCheck = 1000;
				LastUpgradeCheck = 1000;
				ORGANIZATIONNAME = "Tec de Monterrey";
				TargetAttributes = {
					633A57E121F0623C00BE1F08 = {
						CreatedOnToolsVersion = 10.0;
					};
				};
			};
			buildConfigurationList = 633A57DD21F0623C00BE1F08 /* Build configuration list for PBXProject "TC3052-MiPrimerApp" */;
			compatibilityVersion = "Xcode 9.3";
			developmentRegion = en;
			hasScannedForEncodings = 0;
			knownRegions = (
				en,
				Base,
			);
			mainGroup = 633A57D921F0623C00BE1F08;
			productRefGroup = 633A57E321F0623C00BE1F08 /* Products */;
			projectDirPath = "";
			projectRoot = "";
			targets = (
				633A57E121F0623C00BE1F08 /* TC3052-MiPrimerApp */,
			);
		};
/* End PBXProject section */

/* Begin PBXResourcesBuildPhase section */
		633A57E021F0623C00BE1F08 /* Resources */ = {
			isa = PBXResourcesBuildPhase;
			buildActionMask = 2147483647;
			files = (
				633A57F021F0623D00BE1F08 /* LaunchScreen.storyboard in Resources */,
				633A57ED21F0623D00BE1F08 /* Assets.xcassets in Resources */,
				633A57EB21F0623C00BE1F08 /* Main.storyboard in Resources */,
			);
			runOnlyForDeploymentPostprocessing = 0;
		};
/* End PBXResourcesBuildPhase section */

/* Begin PBXSourcesBuildPhase section */
		633A57DE21F0623C00BE1F08 /* Sources */ = {
			isa = PBXSourcesBuildPhase;
			buildActionMask = 2147483647;
			files = (
				633A57E821F0623C00BE1F08 /* ViewController.swift in Sources */,
				633A57E621F0623C00BE1F08 /* AppDelegate.swift in Sources */,
			);
			runOnlyForDeploymentPostprocessing = 0;
		};
/* End PBXSourcesBuildPhase section */

/* Begin PBXVariantGroup section */
		633A57E921F0623C00BE1F08 /* Main.storyboard */ = {
			isa = PBXVariantGroup;
			children = (
				633A57EA21F0623C00BE1F08 /* Base */,
			);
			name = Main.storyboard;
			sourceTree = "<group>";
		};
		633A57EE21F0623D00BE1F08 /* LaunchScreen.storyboard */ = {
			isa = PBXVariantGroup;
			children = (
				633A57EF21F0623D00BE1F08 /* Base */,
			);
			name = LaunchScreen.storyboard;
			sourceTree = "<group>";
		};
/* End PBXVariantGroup section */

/* Begin XCBuildConfiguration section */
		633A57F221F0623D00BE1F08 /* Debug */ = {
			isa = XCBuildConfiguration;
			buildSettings = {
				ALWAYS_SEARCH_USER_PATHS = NO;
				CLANG_ANALYZER_NONNULL = YES;
				CLANG_ANALYZER_NUMBER_OBJECT_CONVERSION = YES_AGGRESSIVE;
				CLANG_CXX_LANGUAGE_STANDARD = "gnu++14";
				CLANG_CXX_LIBRARY = "libc++";
				CLANG_ENABLE_MODULES = YES;
				CLANG_ENABLE_OBJC_ARC = YES;
				CLANG_ENABLE_OBJC_WEAK = YES;
				CLANG_WARN_BLOCK_CAPTURE_AUTORELEASING = YES;
				CLANG_WARN_BOOL_CONVERSION = YES;
				CLANG_WARN_COMMA = YES;
				CLANG_WARN_CONSTANT_CONVERSION = YES;
				CLANG_WARN_DEPRECATED_OBJC_IMPLEMENTATIONS = YES;
				CLANG_WARN_DIRECT_OBJC_ISA_USAGE = YES_ERROR;
				CLANG_WARN_DOCUMENTATION_COMMENTS = YES;
				CLANG_WARN_EMPTY_BODY = YES;
				CLANG_WARN_ENUM_CONVERSION = YES;
				CLANG_WARN_INFINITE_RECURSION = YES;
				CLANG_WARN_INT_CONVERSION = YES;
				CLANG_WARN_NON_LITERAL_NULL_CONVERSION = YES;
				CLANG_WARN_OBJC_IMPLICIT_RETAIN_SELF = YES;
				CLANG_WARN_OBJC_LITERAL_CONVERSION = YES;
				CLANG_WARN_OBJC_ROOT_CLASS = YES_ERROR;
				CLANG_WARN_RANGE_LOOP_ANALYSIS = YES;
				CLANG_WARN_STRICT_PROTOTYPES = YES;
				CLANG_WARN_SUSPICIOUS_MOVE = YES;
				CLANG_WARN_UNGUARDED_AVAILABILITY = YES_AGGRESSIVE;
				CLANG_WARN_UNREACHABLE_CODE = YES;
				CLANG_WARN__DUPLICATE_METHOD_MATCH = YES;
				CODE_SIGN_IDENTITY = "iPhone Developer";
				COPY_PHASE_STRIP = NO;
				DEBUG_INFORMATION_FORMAT = dwarf;
				ENABLE_STRICT_OBJC_MSGSEND = YES;
				ENABLE_TESTABILITY = YES;
				GCC_C_LANGUAGE_STANDARD = gnu11;
				GCC_DYNAMIC_NO_PIC = NO;
				GCC_NO_COMMON_BLOCKS = YES;
				GCC_OPTIMIZATION_LEVEL = 0;
				GCC_PREPROCESSOR_DEFINITIONS = (
					"DEBUG=1",
					"$(inherited)",
				);
				GCC_WARN_64_TO_32_BIT_CONVERSION = YES;
				GCC_WARN_ABOUT_RETURN_TYPE = YES_ERROR;
				GCC_WARN_UNDECLARED_SELECTOR = YES;
				GCC_WARN_UNINITIALIZED_AUTOS = YES_AGGRESSIVE;
				GCC_WARN_UNUSED_FUNCTION = YES;
				GCC_WARN_UNUSED_VARIABLE = YES;
				IPHONEOS_DEPLOYMENT_TARGET = 12.0;
				MTL_ENABLE_DEBUG_INFO = INCLUDE_SOURCE;
				MTL_FAST_MATH = YES;
				ONLY_ACTIVE_ARCH = YES;
				SDKROOT = iphoneos;
				SWIFT_ACTIVE_COMPILATION_CONDITIONS = DEBUG;
				SWIFT_OPTIMIZATION_LEVEL = "-Onone";
			};
			name = Debug;
		};
		633A57F321F0623D00BE1F08 /* Release */ = {
			isa = XCBuildConfiguration;
			buildSettings = {
				ALWAYS_SEARCH_USER_PATHS = NO;
				CLANG_ANALYZER_NONNULL = YES;
				CLANG_ANALYZER_NUMBER_OBJECT_CONVERSION = YES_AGGRESSIVE;
				CLANG_CXX_LANGUAGE_STANDARD = "gnu++14";
				CLANG_CXX_LIBRARY = "libc++";
				CLANG_ENABLE_MODULES = YES;
				CLANG_ENABLE_OBJC_ARC = YES;
				CLANG_ENABLE_OBJC_WEAK = YES;
				CLANG_WARN_BLOCK_CAPTURE_AUTORELEASING = YES;
				CLANG_WARN_BOOL_CONVERSION = YES;
				CLANG_WARN_COMMA = YES;
				CLANG_WARN_CONSTANT_CONVERSION = YES;
				CLANG_WARN_DEPRECATED_OBJC_IMPLEMENTATIONS = YES;
				CLANG_WARN_DIRECT_OBJC_ISA_USAGE = YES_ERROR;
				CLANG_WARN_DOCUMENTATION_COMMENTS = YES;
				CLANG_WARN_EMPTY_BODY = YES;
				CLANG_WARN_ENUM_CONVERSION = YES;
				CLANG_WARN_INFINITE_RECURSION = YES;
				CLANG_WARN_INT_CONVERSION = YES;
				CLANG_WARN_NON_LITERAL_NULL_CONVERSION = YES;
				CLANG_WARN_OBJC_IMPLICIT_RETAIN_SELF = YES;
				CLANG_WARN_OBJC_LITERAL_CONVERSION = YES;
				CLANG_WARN_OBJC_ROOT_CLASS = YES_ERROR;
				CLANG_WARN_RANGE_LOOP_ANALYSIS = YES;
				CLANG_WARN_STRICT_PROTOTYPES = YES;
				CLANG_WARN_SUSPICIOUS_MOVE = YES;
				CLANG_WARN_UNGUARDED_AVAILABILITY = YES_AGGRESSIVE;
				CLANG_WARN_UNREACHABLE_CODE = YES;
				CLANG_WARN__DUPLICATE_METHOD_MATCH = YES;
				CODE_SIGN_IDENTITY = "iPhone Developer";
				COPY_PHASE_STRIP = NO;
				DEBUG_INFORMATION_FORMAT = "dwarf-with-dsym";
				ENABLE_NS_ASSERTIONS = NO;
				ENABLE_STRICT_OBJC_MSGSEND = YES;
				GCC_C_LANGUAGE_STANDARD = gnu11;
				GCC_NO_COMMON_BLOCKS = YES;
				GCC_WARN_64_TO_32_BIT_CONVERSION = YES;
				GCC_WARN_ABOUT_RETURN_TYPE = YES_ERROR;
				GCC_WARN_UNDECLARED_SELECTOR = YES;
				GCC_WARN_UNINITIALIZED_AUTOS = YES_AGGRESSIVE;
				GCC_WARN_UNUSED_FUNCTION = YES;
				GCC_WARN_UNUSED_VARIABLE = YES;
				IPHONEOS_DEPLOYMENT_TARGET = 12.0;
				MTL_ENABLE_DEBUG_INFO = NO;
				MTL_FAST_MATH = YES;
				SDKROOT = iphoneos;
				SWIFT_COMPILATION_MODE = wholemodule;
				SWIFT_OPTIMIZATION_LEVEL = "-O";
				VALIDATE_PRODUCT = YES;
			};
			name = Release;
		};
		633A57F521F0623D00BE1F08 /* Debug */ = {
			isa = XCBuildConfiguration;
			buildSettings = {
				ASSETCATALOG_COMPILER_APPICON_NAME = AppIcon;
				CODE_SIGN_STYLE = Automatic;
				DEVELOPMENT_TEAM = J97L2A8AMM;
				INFOPLIST_FILE = "TC3052-MiPrimerApp/Info.plist";
				LD_RUNPATH_SEARCH_PATHS = (
					"$(inherited)",
					"@executable_path/Frameworks",
				);
				PRODUCT_BUNDLE_IDENTIFIER = "TecdeMty.TC3052-MiPrimerApp";
				PRODUCT_NAME = "$(TARGET_NAME)";
				SWIFT_VERSION = 4.2;
				TARGETED_DEVICE_FAMILY = "1,2";
			};
			name = Debug;
		};
		633A57F621F0623D00BE1F08 /* Release */ = {
			isa = XCBuildConfiguration;
			buildSettings = {
				ASSETCATALOG_COMPILER_APPICON_NAME = AppIcon;
				CODE_SIGN_STYLE = Automatic;
				DEVELOPMENT_TEAM = J97L2A8AMM;
				INFOPLIST_FILE = "TC3052-MiPrimerApp/Info.plist";
				LD_RUNPATH_SEARCH_PATHS = (
					"$(inherited)",
					"@executable_path/Frameworks",
				);
				PRODUCT_BUNDLE_IDENTIFIER = "TecdeMty.TC3052-MiPrimerApp";
				PRODUCT_NAME = "$(TARGET_NAME)";
				SWIFT_VERSION = 4.2;
				TARGETED_DEVICE_FAMILY = "1,2";
			};
			name = Release;
		};
/* End XCBuildConfiguration section */

/* Begin XCConfigurationList section */
		633A57DD21F0623C00BE1F08 /* Build configuration list for PBXProject "TC3052-MiPrimerApp" */ = {
			isa = XCConfigurationList;
			buildConfigurations = (
				633A57F221F0623D00BE1F08 /* Debug */,
				633A57F321F0623D00BE1F08 /* Release */,
			);
			defaultConfigurationIsVisible = 0;
			defaultConfigurationName = Release;
		};
		633A57F421F0623D00BE1F08 /* Build configuration list for PBXNativeTarget "TC3052-MiPrimerApp" */ = {
			isa = XCConfigurationList;
			buildConfigurations = (
				633A57F521F0623D00BE1F08 /* Debug */,
				633A57F621F0623D00BE1F08 /* Release */,
			);
			defaultConfigurationIsVisible = 0;
			defaultConfigurationName = Release;
		};
/* End XCConfigurationList section */
	};
	rootObject = 633A57DA21F0623C00BE1F08 /* Project object */;
}
